// !$*UTF8*$!
{
	archiveVersion = 1;
	classes = {
	};
	objectVersion = 50;
	objects = {

/* Begin PBXBuildFile section */
		756AD21C2682C24400BF5D6A /* AppDelegate.swift in Sources */ = {isa = PBXBuildFile; fileRef = 756AD21B2682C24400BF5D6A /* AppDelegate.swift */; };
		756AD21E2682C24400BF5D6A /* SceneDelegate.swift in Sources */ = {isa = PBXBuildFile; fileRef = 756AD21D2682C24400BF5D6A /* SceneDelegate.swift */; };
		756AD2202682C24400BF5D6A /* ViewController.swift in Sources */ = {isa = PBXBuildFile; fileRef = 756AD21F2682C24400BF5D6A /* ViewController.swift */; };
		756AD2232682C24400BF5D6A /* Main.storyboard in Resources */ = {isa = PBXBuildFile; fileRef = 756AD2212682C24400BF5D6A /* Main.storyboard */; };
		756AD2252682C24800BF5D6A /* Assets.xcassets in Resources */ = {isa = PBXBuildFile; fileRef = 756AD2242682C24800BF5D6A /* Assets.xcassets */; };
		756AD2282682C24800BF5D6A /* LaunchScreen.storyboard in Resources */ = {isa = PBXBuildFile; fileRef = 756AD2262682C24800BF5D6A /* LaunchScreen.storyboard */; };
		756AD2332682C24800BF5D6A /* SalonKadai1Tests.swift in Sources */ = {isa = PBXBuildFile; fileRef = 756AD2322682C24800BF5D6A /* SalonKadai1Tests.swift */; };
		756AD23E2682C24800BF5D6A /* SalonKadai1UITests.swift in Sources */ = {isa = PBXBuildFile; fileRef = 756AD23D2682C24800BF5D6A /* SalonKadai1UITests.swift */; };
		756AD2532682CF4700BF5D6A /* Calculate.storyboard in Resources */ = {isa = PBXBuildFile; fileRef = 756AD2522682CF4700BF5D6A /* Calculate.storyboard */; };
		756AD2582682CF5D00BF5D6A /* CalculateViewController.swift in Sources */ = {isa = PBXBuildFile; fileRef = 756AD2572682CF5D00BF5D6A /* CalculateViewController.swift */; };
		756AD2602682D32900BF5D6A /* CalculatePresenter.swift in Sources */ = {isa = PBXBuildFile; fileRef = 756AD25F2682D32900BF5D6A /* CalculatePresenter.swift */; };
		756AD2652682D33B00BF5D6A /* CalculateModel.swift in Sources */ = {isa = PBXBuildFile; fileRef = 756AD2642682D33B00BF5D6A /* CalculateModel.swift */; };
		756AD26B2682D5F000BF5D6A /* String+Ext.swift in Sources */ = {isa = PBXBuildFile; fileRef = 756AD26A2682D5F000BF5D6A /* String+Ext.swift */; };
/* End PBXBuildFile section */

/* Begin PBXContainerItemProxy section */
		756AD22F2682C24800BF5D6A /* PBXContainerItemProxy */ = {
			isa = PBXContainerItemProxy;
			containerPortal = 756AD2102682C24300BF5D6A /* Project object */;
			proxyType = 1;
			remoteGlobalIDString = 756AD2172682C24400BF5D6A;
			remoteInfo = SalonKadai1;
		};
		756AD23A2682C24800BF5D6A /* PBXContainerItemProxy */ = {
			isa = PBXContainerItemProxy;
			containerPortal = 756AD2102682C24300BF5D6A /* Project object */;
			proxyType = 1;
			remoteGlobalIDString = 756AD2172682C24400BF5D6A;
			remoteInfo = SalonKadai1;
		};
/* End PBXContainerItemProxy section */

/* Begin PBXFileReference section */
		756AD2182682C24400BF5D6A /* SalonKadai1.app */ = {isa = PBXFileReference; explicitFileType = wrapper.application; includeInIndex = 0; path = SalonKadai1.app; sourceTree = BUILT_PRODUCTS_DIR; };
		756AD21B2682C24400BF5D6A /* AppDelegate.swift */ = {isa = PBXFileReference; lastKnownFileType = sourcecode.swift; path = AppDelegate.swift; sourceTree = "<group>"; };
		756AD21D2682C24400BF5D6A /* SceneDelegate.swift */ = {isa = PBXFileReference; lastKnownFileType = sourcecode.swift; path = SceneDelegate.swift; sourceTree = "<group>"; };
		756AD21F2682C24400BF5D6A /* ViewController.swift */ = {isa = PBXFileReference; lastKnownFileType = sourcecode.swift; path = ViewController.swift; sourceTree = "<group>"; };
		756AD2222682C24400BF5D6A /* Base */ = {isa = PBXFileReference; lastKnownFileType = file.storyboard; name = Base; path = Base.lproj/Main.storyboard; sourceTree = "<group>"; };
		756AD2242682C24800BF5D6A /* Assets.xcassets */ = {isa = PBXFileReference; lastKnownFileType = folder.assetcatalog; path = Assets.xcassets; sourceTree = "<group>"; };
		756AD2272682C24800BF5D6A /* Base */ = {isa = PBXFileReference; lastKnownFileType = file.storyboard; name = Base; path = Base.lproj/LaunchScreen.storyboard; sourceTree = "<group>"; };
		756AD2292682C24800BF5D6A /* Info.plist */ = {isa = PBXFileReference; lastKnownFileType = text.plist.xml; path = Info.plist; sourceTree = "<group>"; };
		756AD22E2682C24800BF5D6A /* SalonKadai1Tests.xctest */ = {isa = PBXFileReference; explicitFileType = wrapper.cfbundle; includeInIndex = 0; path = SalonKadai1Tests.xctest; sourceTree = BUILT_PRODUCTS_DIR; };
		756AD2322682C24800BF5D6A /* SalonKadai1Tests.swift */ = {isa = PBXFileReference; lastKnownFileType = sourcecode.swift; path = SalonKadai1Tests.swift; sourceTree = "<group>"; };
		756AD2342682C24800BF5D6A /* Info.plist */ = {isa = PBXFileReference; lastKnownFileType = text.plist.xml; path = Info.plist; sourceTree = "<group>"; };
		756AD2392682C24800BF5D6A /* SalonKadai1UITests.xctest */ = {isa = PBXFileReference; explicitFileType = wrapper.cfbundle; includeInIndex = 0; path = SalonKadai1UITests.xctest; sourceTree = BUILT_PRODUCTS_DIR; };
		756AD23D2682C24800BF5D6A /* SalonKadai1UITests.swift */ = {isa = PBXFileReference; lastKnownFileType = sourcecode.swift; path = SalonKadai1UITests.swift; sourceTree = "<group>"; };
		756AD23F2682C24800BF5D6A /* Info.plist */ = {isa = PBXFileReference; lastKnownFileType = text.plist.xml; path = Info.plist; sourceTree = "<group>"; };
		756AD2522682CF4700BF5D6A /* Calculate.storyboard */ = {isa = PBXFileReference; lastKnownFileType = file.storyboard; path = Calculate.storyboard; sourceTree = "<group>"; };
		756AD2572682CF5D00BF5D6A /* CalculateViewController.swift */ = {isa = PBXFileReference; lastKnownFileType = sourcecode.swift; path = CalculateViewController.swift; sourceTree = "<group>"; };
		756AD25F2682D32900BF5D6A /* CalculatePresenter.swift */ = {isa = PBXFileReference; lastKnownFileType = sourcecode.swift; path = CalculatePresenter.swift; sourceTree = "<group>"; };
		756AD2642682D33B00BF5D6A /* CalculateModel.swift */ = {isa = PBXFileReference; lastKnownFileType = sourcecode.swift; path = CalculateModel.swift; sourceTree = "<group>"; };
		756AD26A2682D5F000BF5D6A /* String+Ext.swift */ = {isa = PBXFileReference; lastKnownFileType = sourcecode.swift; path = "String+Ext.swift"; sourceTree = "<group>"; };
/* End PBXFileReference section */

/* Begin PBXFrameworksBuildPhase section */
		756AD2152682C24400BF5D6A /* Frameworks */ = {
			isa = PBXFrameworksBuildPhase;
			buildActionMask = 2147483647;
			files = (
			);
			runOnlyForDeploymentPostprocessing = 0;
		};
		756AD22B2682C24800BF5D6A /* Frameworks */ = {
			isa = PBXFrameworksBuildPhase;
			buildActionMask = 2147483647;
			files = (
			);
			runOnlyForDeploymentPostprocessing = 0;
		};
		756AD2362682C24800BF5D6A /* Frameworks */ = {
			isa = PBXFrameworksBuildPhase;
			buildActionMask = 2147483647;
			files = (
			);
			runOnlyForDeploymentPostprocessing = 0;
		};
/* End PBXFrameworksBuildPhase section */

/* Begin PBXGroup section */
		756AD20F2682C24300BF5D6A = {
			isa = PBXGroup;
			children = (
				756AD21A2682C24400BF5D6A /* SalonKadai1 */,
				756AD2312682C24800BF5D6A /* SalonKadai1Tests */,
				756AD23C2682C24800BF5D6A /* SalonKadai1UITests */,
				756AD2192682C24400BF5D6A /* Products */,
			);
			sourceTree = "<group>";
		};
		756AD2192682C24400BF5D6A /* Products */ = {
			isa = PBXGroup;
			children = (
				756AD2182682C24400BF5D6A /* SalonKadai1.app */,
				756AD22E2682C24800BF5D6A /* SalonKadai1Tests.xctest */,
				756AD2392682C24800BF5D6A /* SalonKadai1UITests.xctest */,
			);
			name = Products;
			sourceTree = "<group>";
		};
		756AD21A2682C24400BF5D6A /* SalonKadai1 */ = {
			isa = PBXGroup;
			children = (
				756AD2692682D5A800BF5D6A /* Extension */,
				756AD24E2682CC0900BF5D6A /* Calculate */,
				756AD21B2682C24400BF5D6A /* AppDelegate.swift */,
				756AD21D2682C24400BF5D6A /* SceneDelegate.swift */,
				756AD21F2682C24400BF5D6A /* ViewController.swift */,
				756AD2212682C24400BF5D6A /* Main.storyboard */,
				756AD2242682C24800BF5D6A /* Assets.xcassets */,
				756AD2262682C24800BF5D6A /* LaunchScreen.storyboard */,
				756AD2292682C24800BF5D6A /* Info.plist */,
			);
			path = SalonKadai1;
			sourceTree = "<group>";
		};
		756AD2312682C24800BF5D6A /* SalonKadai1Tests */ = {
			isa = PBXGroup;
			children = (
				756AD2322682C24800BF5D6A /* SalonKadai1Tests.swift */,
				756AD2342682C24800BF5D6A /* Info.plist */,
			);
			path = SalonKadai1Tests;
			sourceTree = "<group>";
		};
		756AD23C2682C24800BF5D6A /* SalonKadai1UITests */ = {
			isa = PBXGroup;
			children = (
				756AD23D2682C24800BF5D6A /* SalonKadai1UITests.swift */,
				756AD23F2682C24800BF5D6A /* Info.plist */,
			);
			path = SalonKadai1UITests;
			sourceTree = "<group>";
		};
		756AD24E2682CC0900BF5D6A /* Calculate */ = {
			isa = PBXGroup;
			children = (
				756AD2522682CF4700BF5D6A /* Calculate.storyboard */,
				756AD2572682CF5D00BF5D6A /* CalculateViewController.swift */,
				756AD25F2682D32900BF5D6A /* CalculatePresenter.swift */,
				756AD2642682D33B00BF5D6A /* CalculateModel.swift */,
			);
			path = Calculate;
			sourceTree = "<group>";
		};
		756AD2692682D5A800BF5D6A /* Extension */ = {
			isa = PBXGroup;
			children = (
				756AD26A2682D5F000BF5D6A /* String+Ext.swift */,
			);
			path = Extension;
			sourceTree = "<group>";
		};
/* End PBXGroup section */

/* Begin PBXNativeTarget section */
		756AD2172682C24400BF5D6A /* SalonKadai1 */ = {
			isa = PBXNativeTarget;
			buildConfigurationList = 756AD2422682C24800BF5D6A /* Build configuration list for PBXNativeTarget "SalonKadai1" */;
			buildPhases = (
				756AD2142682C24400BF5D6A /* Sources */,
				756AD2152682C24400BF5D6A /* Frameworks */,
				756AD2162682C24400BF5D6A /* Resources */,
			);
			buildRules = (
			);
			dependencies = (
			);
			name = SalonKadai1;
			productName = SalonKadai1;
			productReference = 756AD2182682C24400BF5D6A /* SalonKadai1.app */;
			productType = "com.apple.product-type.application";
		};
		756AD22D2682C24800BF5D6A /* SalonKadai1Tests */ = {
			isa = PBXNativeTarget;
			buildConfigurationList = 756AD2452682C24800BF5D6A /* Build configuration list for PBXNativeTarget "SalonKadai1Tests" */;
			buildPhases = (
				756AD22A2682C24800BF5D6A /* Sources */,
				756AD22B2682C24800BF5D6A /* Frameworks */,
				756AD22C2682C24800BF5D6A /* Resources */,
			);
			buildRules = (
			);
			dependencies = (
				756AD2302682C24800BF5D6A /* PBXTargetDependency */,
			);
			name = SalonKadai1Tests;
			productName = SalonKadai1Tests;
			productReference = 756AD22E2682C24800BF5D6A /* SalonKadai1Tests.xctest */;
			productType = "com.apple.product-type.bundle.unit-test";
		};
		756AD2382682C24800BF5D6A /* SalonKadai1UITests */ = {
			isa = PBXNativeTarget;
			buildConfigurationList = 756AD2482682C24800BF5D6A /* Build configuration list for PBXNativeTarget "SalonKadai1UITests" */;
			buildPhases = (
				756AD2352682C24800BF5D6A /* Sources */,
				756AD2362682C24800BF5D6A /* Frameworks */,
				756AD2372682C24800BF5D6A /* Resources */,
			);
			buildRules = (
			);
			dependencies = (
				756AD23B2682C24800BF5D6A /* PBXTargetDependency */,
			);
			name = SalonKadai1UITests;
			productName = SalonKadai1UITests;
			productReference = 756AD2392682C24800BF5D6A /* SalonKadai1UITests.xctest */;
			productType = "com.apple.product-type.bundle.ui-testing";
		};
/* End PBXNativeTarget section */

/* Begin PBXProject section */
		756AD2102682C24300BF5D6A /* Project object */ = {
			isa = PBXProject;
			attributes = {
				LastSwiftUpdateCheck = 1240;
				LastUpgradeCheck = 1240;
				TargetAttributes = {
					756AD2172682C24400BF5D6A = {
						CreatedOnToolsVersion = 12.4;
					};
					756AD22D2682C24800BF5D6A = {
						CreatedOnToolsVersion = 12.4;
						TestTargetID = 756AD2172682C24400BF5D6A;
					};
					756AD2382682C24800BF5D6A = {
						CreatedOnToolsVersion = 12.4;
						TestTargetID = 756AD2172682C24400BF5D6A;
					};
				};
			};
			buildConfigurationList = 756AD2132682C24300BF5D6A /* Build configuration list for PBXProject "SalonKadai1" */;
			compatibilityVersion = "Xcode 9.3";
			developmentRegion = en;
			hasScannedForEncodings = 0;
			knownRegions = (
				en,
				Base,
			);
			mainGroup = 756AD20F2682C24300BF5D6A;
			productRefGroup = 756AD2192682C24400BF5D6A /* Products */;
			projectDirPath = "";
			projectRoot = "";
			targets = (
				756AD2172682C24400BF5D6A /* SalonKadai1 */,
				756AD22D2682C24800BF5D6A /* SalonKadai1Tests */,
				756AD2382682C24800BF5D6A /* SalonKadai1UITests */,
			);
		};
/* End PBXProject section */

/* Begin PBXResourcesBuildPhase section */
		756AD2162682C24400BF5D6A /* Resources */ = {
			isa = PBXResourcesBuildPhase;
			buildActionMask = 2147483647;
			files = (
				756AD2282682C24800BF5D6A /* LaunchScreen.storyboard in Resources */,
				756AD2532682CF4700BF5D6A /* Calculate.storyboard in Resources */,
				756AD2252682C24800BF5D6A /* Assets.xcassets in Resources */,
				756AD2232682C24400BF5D6A /* Main.storyboard in Resources */,
			);
			runOnlyForDeploymentPostprocessing = 0;
		};
		756AD22C2682C24800BF5D6A /* Resources */ = {
			isa = PBXResourcesBuildPhase;
			buildActionMask = 2147483647;
			files = (
			);
			runOnlyForDeploymentPostprocessing = 0;
		};
		756AD2372682C24800BF5D6A /* Resources */ = {
			isa = PBXResourcesBuildPhase;
			buildActionMask = 2147483647;
			files = (
			);
			runOnlyForDeploymentPostprocessing = 0;
		};
/* End PBXResourcesBuildPhase section */

/* Begin PBXSourcesBuildPhase section */
		756AD2142682C24400BF5D6A /* Sources */ = {
			isa = PBXSourcesBuildPhase;
			buildActionMask = 2147483647;
			files = (
				756AD2202682C24400BF5D6A /* ViewController.swift in Sources */,
				756AD26B2682D5F000BF5D6A /* String+Ext.swift in Sources */,
				756AD2582682CF5D00BF5D6A /* CalculateViewController.swift in Sources */,
				756AD2602682D32900BF5D6A /* CalculatePresenter.swift in Sources */,
				756AD21C2682C24400BF5D6A /* AppDelegate.swift in Sources */,
				756AD2652682D33B00BF5D6A /* CalculateModel.swift in Sources */,
				756AD21E2682C24400BF5D6A /* SceneDelegate.swift in Sources */,
			);
			runOnlyForDeploymentPostprocessing = 0;
		};
		756AD22A2682C24800BF5D6A /* Sources */ = {
			isa = PBXSourcesBuildPhase;
			buildActionMask = 2147483647;
			files = (
				756AD2332682C24800BF5D6A /* SalonKadai1Tests.swift in Sources */,
			);
			runOnlyForDeploymentPostprocessing = 0;
		};
		756AD2352682C24800BF5D6A /* Sources */ = {
			isa = PBXSourcesBuildPhase;
			buildActionMask = 2147483647;
			files = (
				756AD23E2682C24800BF5D6A /* SalonKadai1UITests.swift in Sources */,
			);
			runOnlyForDeploymentPostprocessing = 0;
		};
/* End PBXSourcesBuildPhase section */

/* Begin PBXTargetDependency section */
		756AD2302682C24800BF5D6A /* PBXTargetDependency */ = {
			isa = PBXTargetDependency;
			target = 756AD2172682C24400BF5D6A /* SalonKadai1 */;
			targetProxy = 756AD22F2682C24800BF5D6A /* PBXContainerItemProxy */;
		};
		756AD23B2682C24800BF5D6A /* PBXTargetDependency */ = {
			isa = PBXTargetDependency;
			target = 756AD2172682C24400BF5D6A /* SalonKadai1 */;
			targetProxy = 756AD23A2682C24800BF5D6A /* PBXContainerItemProxy */;
		};
/* End PBXTargetDependency section */

/* Begin PBXVariantGroup section */
		756AD2212682C24400BF5D6A /* Main.storyboard */ = {
			isa = PBXVariantGroup;
			children = (
				756AD2222682C24400BF5D6A /* Base */,
			);
			name = Main.storyboard;
			sourceTree = "<group>";
		};
		756AD2262682C24800BF5D6A /* LaunchScreen.storyboard */ = {
			isa = PBXVariantGroup;
			children = (
				756AD2272682C24800BF5D6A /* Base */,
			);
			name = LaunchScreen.storyboard;
			sourceTree = "<group>";
		};
/* End PBXVariantGroup section */

/* Begin XCBuildConfiguration section */
		756AD2402682C24800BF5D6A /* Debug */ = {
			isa = XCBuildConfiguration;
			buildSettings = {
				ALWAYS_SEARCH_USER_PATHS = NO;
				CLANG_ANALYZER_NONNULL = YES;
				CLANG_ANALYZER_NUMBER_OBJECT_CONVERSION = YES_AGGRESSIVE;
				CLANG_CXX_LANGUAGE_STANDARD = "gnu++14";
				CLANG_CXX_LIBRARY = "libc++";
				CLANG_ENABLE_MODULES = YES;
				CLANG_ENABLE_OBJC_ARC = YES;
				CLANG_ENABLE_OBJC_WEAK = YES;
				CLANG_WARN_BLOCK_CAPTURE_AUTORELEASING = YES;
				CLANG_WARN_BOOL_CONVERSION = YES;
				CLANG_WARN_COMMA = YES;
				CLANG_WARN_CONSTANT_CONVERSION = YES;
				CLANG_WARN_DEPRECATED_OBJC_IMPLEMENTATIONS = YES;
				CLANG_WARN_DIRECT_OBJC_ISA_USAGE = YES_ERROR;
				CLANG_WARN_DOCUMENTATION_COMMENTS = YES;
				CLANG_WARN_EMPTY_BODY = YES;
				CLANG_WARN_ENUM_CONVERSION = YES;
				CLANG_WARN_INFINITE_RECURSION = YES;
				CLANG_WARN_INT_CONVERSION = YES;
				CLANG_WARN_NON_LITERAL_NULL_CONVERSION = YES;
				CLANG_WARN_OBJC_IMPLICIT_RETAIN_SELF = YES;
				CLANG_WARN_OBJC_LITERAL_CONVERSION = YES;
				CLANG_WARN_OBJC_ROOT_CLASS = YES_ERROR;
				CLANG_WARN_QUOTED_INCLUDE_IN_FRAMEWORK_HEADER = YES;
				CLANG_WARN_RANGE_LOOP_ANALYSIS = YES;
				CLANG_WARN_STRICT_PROTOTYPES = YES;
				CLANG_WARN_SUSPICIOUS_MOVE = YES;
				CLANG_WARN_UNGUARDED_AVAILABILITY = YES_AGGRESSIVE;
				CLANG_WARN_UNREACHABLE_CODE = YES;
				CLANG_WARN__DUPLICATE_METHOD_MATCH = YES;
				COPY_PHASE_STRIP = NO;
				DEBUG_INFORMATION_FORMAT = dwarf;
				ENABLE_STRICT_OBJC_MSGSEND = YES;
				ENABLE_TESTABILITY = YES;
				GCC_C_LANGUAGE_STANDARD = gnu11;
				GCC_DYNAMIC_NO_PIC = NO;
				GCC_NO_COMMON_BLOCKS = YES;
				GCC_OPTIMIZATION_LEVEL = 0;
				GCC_PREPROCESSOR_DEFINITIONS = (
					"DEBUG=1",
					"$(inherited)",
				);
				GCC_WARN_64_TO_32_BIT_CONVERSION = YES;
				GCC_WARN_ABOUT_RETURN_TYPE = YES_ERROR;
				GCC_WARN_UNDECLARED_SELECTOR = YES;
				GCC_WARN_UNINITIALIZED_AUTOS = YES_AGGRESSIVE;
				GCC_WARN_UNUSED_FUNCTION = YES;
				GCC_WARN_UNUSED_VARIABLE = YES;
				IPHONEOS_DEPLOYMENT_TARGET = 14.4;
				MTL_ENABLE_DEBUG_INFO = INCLUDE_SOURCE;
				MTL_FAST_MATH = YES;
				ONLY_ACTIVE_ARCH = YES;
				SDKROOT = iphoneos;
				SWIFT_ACTIVE_COMPILATION_CONDITIONS = DEBUG;
				SWIFT_OPTIMIZATION_LEVEL = "-Onone";
			};
			name = Debug;
		};
		756AD2412682C24800BF5D6A /* Release */ = {
			isa = XCBuildConfiguration;
			buildSettings = {
				ALWAYS_SEARCH_USER_PATHS = NO;
				CLANG_ANALYZER_NONNULL = YES;
				CLANG_ANALYZER_NUMBER_OBJECT_CONVERSION = YES_AGGRESSIVE;
				CLANG_CXX_LANGUAGE_STANDARD = "gnu++14";
				CLANG_CXX_LIBRARY = "libc++";
				CLANG_ENABLE_MODULES = YES;
				CLANG_ENABLE_OBJC_ARC = YES;
				CLANG_ENABLE_OBJC_WEAK = YES;
				CLANG_WARN_BLOCK_CAPTURE_AUTORELEASING = YES;
				CLANG_WARN_BOOL_CONVERSION = YES;
				CLANG_WARN_COMMA = YES;
				CLANG_WARN_CONSTANT_CONVERSION = YES;
				CLANG_WARN_DEPRECATED_OBJC_IMPLEMENTATIONS = YES;
				CLANG_WARN_DIRECT_OBJC_ISA_USAGE = YES_ERROR;
				CLANG_WARN_DOCUMENTATION_COMMENTS = YES;
				CLANG_WARN_EMPTY_BODY = YES;
				CLANG_WARN_ENUM_CONVERSION = YES;
				CLANG_WARN_INFINITE_RECURSION = YES;
				CLANG_WARN_INT_CONVERSION = YES;
				CLANG_WARN_NON_LITERAL_NULL_CONVERSION = YES;
				CLANG_WARN_OBJC_IMPLICIT_RETAIN_SELF = YES;
				CLANG_WARN_OBJC_LITERAL_CONVERSION = YES;
				CLANG_WARN_OBJC_ROOT_CLASS = YES_ERROR;
				CLANG_WARN_QUOTED_INCLUDE_IN_FRAMEWORK_HEADER = YES;
				CLANG_WARN_RANGE_LOOP_ANALYSIS = YES;
				CLANG_WARN_STRICT_PROTOTYPES = YES;
				CLANG_WARN_SUSPICIOUS_MOVE = YES;
				CLANG_WARN_UNGUARDED_AVAILABILITY = YES_AGGRESSIVE;
				CLANG_WARN_UNREACHABLE_CODE = YES;
				CLANG_WARN__DUPLICATE_METHOD_MATCH = YES;
				COPY_PHASE_STRIP = NO;
				DEBUG_INFORMATION_FORMAT = "dwarf-with-dsym";
				ENABLE_NS_ASSERTIONS = NO;
				ENABLE_STRICT_OBJC_MSGSEND = YES;
				GCC_C_LANGUAGE_STANDARD = gnu11;
				GCC_NO_COMMON_BLOCKS = YES;
				GCC_WARN_64_TO_32_BIT_CONVERSION = YES;
				GCC_WARN_ABOUT_RETURN_TYPE = YES_ERROR;
				GCC_WARN_UNDECLARED_SELECTOR = YES;
				GCC_WARN_UNINITIALIZED_AUTOS = YES_AGGRESSIVE;
				GCC_WARN_UNUSED_FUNCTION = YES;
				GCC_WARN_UNUSED_VARIABLE = YES;
				IPHONEOS_DEPLOYMENT_TARGET = 14.4;
				MTL_ENABLE_DEBUG_INFO = NO;
				MTL_FAST_MATH = YES;
				SDKROOT = iphoneos;
				SWIFT_COMPILATION_MODE = wholemodule;
				SWIFT_OPTIMIZATION_LEVEL = "-O";
				VALIDATE_PRODUCT = YES;
			};
			name = Release;
		};
		756AD2432682C24800BF5D6A /* Debug */ = {
			isa = XCBuildConfiguration;
			buildSettings = {
				ASSETCATALOG_COMPILER_APPICON_NAME = AppIcon;
				ASSETCATALOG_COMPILER_GLOBAL_ACCENT_COLOR_NAME = AccentColor;
				CODE_SIGN_STYLE = Automatic;
				DEVELOPMENT_TEAM = N53995CJPD;
				INFOPLIST_FILE = SalonKadai1/Info.plist;
				LD_RUNPATH_SEARCH_PATHS = (
					"$(inherited)",
					"@executable_path/Frameworks",
				);
				PRODUCT_BUNDLE_IDENTIFIER = com.tatsuo.SalonKadai1;
				PRODUCT_NAME = "$(TARGET_NAME)";
				SWIFT_VERSION = 5.0;
				TARGETED_DEVICE_FAMILY = "1,2";
			};
			name = Debug;
		};
		756AD2442682C24800BF5D6A /* Release */ = {
			isa = XCBuildConfiguration;
			buildSettings = {
				ASSETCATALOG_COMPILER_APPICON_NAME = AppIcon;
				ASSETCATALOG_COMPILER_GLOBAL_ACCENT_COLOR_NAME = AccentColor;
				CODE_SIGN_STYLE = Automatic;
				DEVELOPMENT_TEAM = N53995CJPD;
				INFOPLIST_FILE = SalonKadai1/Info.plist;
				LD_RUNPATH_SEARCH_PATHS = (
					"$(inherited)",
					"@executable_path/Frameworks",
				);
				PRODUCT_BUNDLE_IDENTIFIER = com.tatsuo.SalonKadai1;
				PRODUCT_NAME = "$(TARGET_NAME)";
				SWIFT_VERSION = 5.0;
				TARGETED_DEVICE_FAMILY = "1,2";
			};
			name = Release;
		};
		756AD2462682C24800BF5D6A /* Debug */ = {
			isa = XCBuildConfiguration;
			buildSettings = {
				ALWAYS_EMBED_SWIFT_STANDARD_LIBRARIES = YES;
				BUNDLE_LOADER = "$(TEST_HOST)";
				CODE_SIGN_STYLE = Automatic;
				DEVELOPMENT_TEAM = N53995CJPD;
				INFOPLIST_FILE = SalonKadai1Tests/Info.plist;
				IPHONEOS_DEPLOYMENT_TARGET = 14.4;
				LD_RUNPATH_SEARCH_PATHS = (
					"$(inherited)",
					"@executable_path/Frameworks",
					"@loader_path/Frameworks",
				);
				PRODUCT_BUNDLE_IDENTIFIER = com.tatsuo.SalonKadai1Tests;
				PRODUCT_NAME = "$(TARGET_NAME)";
				SWIFT_VERSION = 5.0;
				TARGETED_DEVICE_FAMILY = "1,2";
				TEST_HOST = "$(BUILT_PRODUCTS_DIR)/SalonKadai1.app/SalonKadai1";
			};
			name = Debug;
		};
		756AD2472682C24800BF5D6A /* Release */ = {
			isa = XCBuildConfiguration;
			buildSettings = {
				ALWAYS_EMBED_SWIFT_STANDARD_LIBRARIES = YES;
				BUNDLE_LOADER = "$(TEST_HOST)";
				CODE_SIGN_STYLE = Automatic;
				DEVELOPMENT_TEAM = N53995CJPD;
				INFOPLIST_FILE = SalonKadai1Tests/Info.plist;
				IPHONEOS_DEPLOYMENT_TARGET = 14.4;
				LD_RUNPATH_SEARCH_PATHS = (
					"$(inherited)",
					"@executable_path/Frameworks",
					"@loader_path/Frameworks",
				);
				PRODUCT_BUNDLE_IDENTIFIER = com.tatsuo.SalonKadai1Tests;
				PRODUCT_NAME = "$(TARGET_NAME)";
				SWIFT_VERSION = 5.0;
				TARGETED_DEVICE_FAMILY = "1,2";
				TEST_HOST = "$(BUILT_PRODUCTS_DIR)/SalonKadai1.app/SalonKadai1";
			};
			name = Release;
		};
		756AD2492682C24800BF5D6A /* Debug */ = {
			isa = XCBuildConfiguration;
			buildSettings = {
				ALWAYS_EMBED_SWIFT_STANDARD_LIBRARIES = YES;
				CODE_SIGN_STYLE = Automatic;
				DEVELOPMENT_TEAM = N53995CJPD;
				INFOPLIST_FILE = SalonKadai1UITests/Info.plist;
				LD_RUNPATH_SEARCH_PATHS = (
					"$(inherited)",
					"@executable_path/Frameworks",
					"@loader_path/Frameworks",
				);
				PRODUCT_BUNDLE_IDENTIFIER = com.tatsuo.SalonKadai1UITests;
				PRODUCT_NAME = "$(TARGET_NAME)";
				SWIFT_VERSION = 5.0;
				TARGETED_DEVICE_FAMILY = "1,2";
				TEST_TARGET_NAME = SalonKadai1;
			};
			name = Debug;
		};
		756AD24A2682C24800BF5D6A /* Release */ = {
			isa = XCBuildConfiguration;
			buildSettings = {
				ALWAYS_EMBED_SWIFT_STANDARD_LIBRARIES = YES;
				CODE_SIGN_STYLE = Automatic;
				DEVELOPMENT_TEAM = N53995CJPD;
				INFOPLIST_FILE = SalonKadai1UITests/Info.plist;
				LD_RUNPATH_SEARCH_PATHS = (
					"$(inherited)",
					"@executable_path/Frameworks",
					"@loader_path/Frameworks",
				);
				PRODUCT_BUNDLE_IDENTIFIER = com.tatsuo.SalonKadai1UITests;
				PRODUCT_NAME = "$(TARGET_NAME)";
				SWIFT_VERSION = 5.0;
				TARGETED_DEVICE_FAMILY = "1,2";
				TEST_TARGET_NAME = SalonKadai1;
			};
			name = Release;
		};
/* End XCBuildConfiguration section */

/* Begin XCConfigurationList section */
		756AD2132682C24300BF5D6A /* Build configuration list for PBXProject "SalonKadai1" */ = {
			isa = XCConfigurationList;
			buildConfigurations = (
				756AD2402682C24800BF5D6A /* Debug */,
				756AD2412682C24800BF5D6A /* Release */,
			);
			defaultConfigurationIsVisible = 0;
			defaultConfigurationName = Release;
		};
		756AD2422682C24800BF5D6A /* Build configuration list for PBXNativeTarget "SalonKadai1" */ = {
			isa = XCConfigurationList;
			buildConfigurations = (
				756AD2432682C24800BF5D6A /* Debug */,
				756AD2442682C24800BF5D6A /* Release */,
			);
			defaultConfigurationIsVisible = 0;
			defaultConfigurationName = Release;
		};
		756AD2452682C24800BF5D6A /* Build configuration list for PBXNativeTarget "SalonKadai1Tests" */ = {
			isa = XCConfigurationList;
			buildConfigurations = (
				756AD2462682C24800BF5D6A /* Debug */,
				756AD2472682C24800BF5D6A /* Release */,
			);
			defaultConfigurationIsVisible = 0;
			defaultConfigurationName = Release;
		};
		756AD2482682C24800BF5D6A /* Build configuration list for PBXNativeTarget "SalonKadai1UITests" */ = {
			isa = XCConfigurationList;
			buildConfigurations = (
				756AD2492682C24800BF5D6A /* Debug */,
				756AD24A2682C24800BF5D6A /* Release */,
			);
			defaultConfigurationIsVisible = 0;
			defaultConfigurationName = Release;
		};
/* End XCConfigurationList section */
	};
	rootObject = 756AD2102682C24300BF5D6A /* Project object */;
}
